
Microsoft Visual Studio Solution File, Format Version 12.00
# Visual Studio Version 16
VisualStudioVersion = 25.0.1704.4
MinimumVisualStudioVersion = 10.0.40219.1
Project("{FAE04EC0-301F-11D3-BF4B-00C04F79EFBC}") = "SelectionStatementExercise", "SelectionStatementExercise.csproj", "{A6B37CE8-4888-4C1D-9F0B-42FEB3ED961A}"
EndProject
Global
	GlobalSection(SolutionConfigurationPlatforms) = preSolution
		Debug|Any CPU = Debug|Any CPU
		Release|Any CPU = Release|Any CPU
	EndGlobalSection
	GlobalSection(ProjectConfigurationPlatforms) = postSolution
		{A6B37CE8-4888-4C1D-9F0B-42FEB3ED961A}.Debug|Any CPU.ActiveCfg = Debug|Any CPU
		{A6B37CE8-4888-4C1D-9F0B-42FEB3ED961A}.Debug|Any CPU.Build.0 = Debug|Any CPU
		{A6B37CE8-4888-4C1D-9F0B-42FEB3ED961A}.Release|Any CPU.ActiveCfg = Release|Any CPU
		{A6B37CE8-4888-4C1D-9F0B-42FEB3ED961A}.Release|Any CPU.Build.0 = Release|Any CPU
	EndGlobalSection
	GlobalSection(SolutionProperties) = preSolution
		HideSolutionNode = FALSE
	EndGlobalSection
	GlobalSection(ExtensibilityGlobals) = postSolution
		SolutionGuid = {7219ECF8-A341-4D2A-B0A6-62B47B9F975D}
	EndGlobalSection
EndGlobal
